{
  "name": "node-starter",
  "version": "0.0.0",
  "lockfileVersion": 2,
  "requires": true,
  "packages": {
    "": {
      "name": "node-starter",
      "version": "0.0.0",
      "dependencies": {
        "bhailang": "^0.0.7"
      }
    },
    "node_modules/bhailang": {
      "version": "0.0.7",
      "resolved": "https://registry.npmjs.org/bhailang/-/bhailang-0.0.7.tgz",
      "integrity": "sha512-nDdjQksRbk7saRMCTau3vqiA9XsBKpdg17o+qlzmdOatf9E0sCgrVe/PWn8zBoTdbyeq2sEe8u8K6i+PH8IxIQ==",
      "bin": {
        "bhailang": "bin/index.js"
      }
    }
  },
  "dependencies": {
    "bhailang": {
      "version": "0.0.7",
      "resolved": "https://registry.npmjs.org/bhailang/-/bhailang-0.0.7.tgz",
      "integrity": "sha512-nDdjQksRbk7saRMCTau3vqiA9XsBKpdg17o+qlzmdOatf9E0sCgrVe/PWn8zBoTdbyeq2sEe8u8K6i+PH8IxIQ=="
    }
  }
}
